
Microsoft Visual Studio Solution File, Format Version 12.00
# Visual Studio 15
VisualStudioVersion = 15.0.28307.136
MinimumVisualStudioVersion = 10.0.40219.1
Project("{FAE04EC0-301F-11D3-BF4B-00C04F79EFBC}") = "C968InventoryApp", "C968InventoryApp\C968InventoryApp.csproj", "{60FAC1B3-956B-4A29-9E98-E43BA61CE785}"
EndProject
Global
	GlobalSection(SolutionConfigurationPlatforms) = preSolution
		Debug|Any CPU = Debug|Any CPU
		Release|Any CPU = Release|Any CPU
	EndGlobalSection
	GlobalSection(ProjectConfigurationPlatforms) = postSolution
		{60FAC1B3-956B-4A29-9E98-E43BA61CE785}.Debug|Any CPU.ActiveCfg = Debug|Any CPU
		{60FAC1B3-956B-4A29-9E98-E43BA61CE785}.Debug|Any CPU.Build.0 = Debug|Any CPU
		{60FAC1B3-956B-4A29-9E98-E43BA61CE785}.Release|Any CPU.ActiveCfg = Release|Any CPU
		{60FAC1B3-956B-4A29-9E98-E43BA61CE785}.Release|Any CPU.Build.0 = Release|Any CPU
	EndGlobalSection
	GlobalSection(SolutionProperties) = preSolution
		HideSolutionNode = FALSE
	EndGlobalSection
	GlobalSection(ExtensibilityGlobals) = postSolution
		SolutionGuid = {65F40936-BE0A-4CB8-98A2-3E13C6BB3881}
	EndGlobalSection
EndGlobal
